{
  "name": "mahoroba-reports-map-tests",
  "version": "1.0.0",
  "lockfileVersion": 3,
  "requires": true,
  "packages": {
    "": {
      "name": "mahoroba-reports-map-tests",
      "version": "1.0.0",
      "devDependencies": {
        "@geoman-io/leaflet-geoman-free": "2.20.0",
        "@playwright/test": "1.58.2",
        "leaflet": "1.9.4"
      }
    },
    "node_modules/@geoman-io/leaflet-geoman-free": {
      "version": "2.20.0",
      "resolved": "https://registry.npmjs.org/@geoman-io/leaflet-geoman-free/-/leaflet-geoman-free-2.20.0.tgz",
      "integrity": "sha512-n9ytYdNWbX6YcUDNdOR6XtdiKDnZVJD8jWkErk1yL8magFNn9e0nbdQc0YBDa173AxGAYWVrGzUpOdkYuTAsqQ==",
      "dev": true,
      "license": "MIT",
      "dependencies": {
        "@turf/boolean-contains": "^7.3.5",
        "@turf/kinks": "^7.3.5",
        "@turf/line-intersect": "^7.3.5",
        "@turf/line-split": "^7.3.5",
        "lodash": "4.18.1",
        "polyclip-ts": "^0.16.8"
      },
      "engines": {
        "node": ">=20.0.0"
      },
      "peerDependencies": {
        "leaflet": "^1.2.0"
      }
    },
    "node_modules/@playwright/test": {
      "version": "1.58.2",
      "resolved": "https://registry.npmjs.org/@playwright/test/-/test-1.58.2.tgz",
      "integrity": "sha512-akea+6bHYBBfA9uQqSYmlJXn61cTa+jbO87xVLCWbTqbWadRVmhxlXATaOjOgcBaWU4ePo0wB41KMFv3o35IXA==",
      "dev": true,
      "license": "Apache-2.0",
      "dependencies": {
        "playwright": "1.58.2"
      },
      "bin": {
        "playwright": "cli.js"
      },
      "engines": {
        "node": ">=18"
      }
    },
    "node_modules/@turf/bbox": {
      "version": "7.3.5",
      "resolved": "https://registry.npmjs.org/@turf/bbox/-/bbox-7.3.5.tgz",
      "integrity": "sha512-oG1ya/HtBjAIg4TimbWx+nOYPbY0bCvt82Bq8tm6sBw3qqtbOyRSfDz79Sq90TnH7DXJprJ1qnVGKNtZ6jemfw==",
      "dev": true,
      "license": "MIT",
      "dependencies": {
        "@turf/helpers": "7.3.5",
        "@turf/meta": "7.3.5",
        "@types/geojson": "^7946.0.10",
        "tslib": "^2.8.1"
      },
      "funding": {
        "url": "https://opencollective.com/turf"
      }
    },
    "node_modules/@turf/boolean-contains": {
      "version": "7.3.5",
      "resolved": "https://registry.npmjs.org/@turf/boolean-contains/-/boolean-contains-7.3.5.tgz",
      "integrity": "sha512-P4JUAHgvJkD+8ybQ6d1OHp9TBsGsjJxF5lWeXJgp0k4+Hd/D0CVy4/mhLkZdNa6QdljVdwNcfU0CTqy1WsSQig==",
      "dev": true,
      "license": "MIT",
      "dependencies": {
        "@turf/bbox": "7.3.5",
        "@turf/boolean-point-in-polygon": "7.3.5",
        "@turf/boolean-point-on-line": "7.3.5",
        "@turf/helpers": "7.3.5",
        "@turf/invariant": "7.3.5",
        "@turf/line-split": "7.3.5",
        "@types/geojson": "^7946.0.10",
        "tslib": "^2.8.1"
      },
      "funding": {
        "url": "https://opencollective.com/turf"
      }
    },
    "node_modules/@turf/boolean-point-in-polygon": {
      "version": "7.3.5",
      "resolved": "https://registry.npmjs.org/@turf/boolean-point-in-polygon/-/boolean-point-in-polygon-7.3.5.tgz",
      "integrity": "sha512-ba7+B0wzaS9GtERZOoXUZ6oW8IcIJHNQZf3c+tiD9ESjcsPO1Q/4qIJGTKl92nBLhhracHJxMWBM/U6hAVkaRg==",
      "dev": true,
      "license": "MIT",
      "dependencies": {
        "@turf/helpers": "7.3.5",
        "@turf/invariant": "7.3.5",
        "@types/geojson": "^7946.0.10",
        "point-in-polygon-hao": "^1.1.0",
        "tslib": "^2.8.1"
      },
      "funding": {
        "url": "https://opencollective.com/turf"
      }
    },
    "node_modules/@turf/boolean-point-on-line": {
      "version": "7.3.5",
      "resolved": "https://registry.npmjs.org/@turf/boolean-point-on-line/-/boolean-point-on-line-7.3.5.tgz",
      "integrity": "sha512-TuWfrAT63W43BDzgYc94UzQ5/PjF1aTnh4AIzmQwez1YnimShYcOTwo8OIHzDaB6gbbvFsfxYMuOA5JOp942Kg==",
      "dev": true,
      "license": "MIT",
      "dependencies": {
        "@turf/helpers": "7.3.5",
        "@turf/invariant": "7.3.5",
        "@types/geojson": "^7946.0.10",
        "tslib": "^2.8.1"
      },
      "funding": {
        "url": "https://opencollective.com/turf"
      }
    },
    "node_modules/@turf/distance": {
      "version": "7.3.5",
      "resolved": "https://registry.npmjs.org/@turf/distance/-/distance-7.3.5.tgz",
      "integrity": "sha512-uQAC63zg/l91KUxzfhqio7Ii3+UXTrPOVJScIdRj6EO6+9XHI4kC+AdyIS4cPAv14sZfJLIBxzMnzcGrss+kEA==",
      "dev": true,
      "license": "MIT",
      "dependencies": {
        "@turf/helpers": "7.3.5",
        "@turf/invariant": "7.3.5",
        "@types/geojson": "^7946.0.10",
        "tslib": "^2.8.1"
      },
      "funding": {
        "url": "https://opencollective.com/turf"
      }
    },
    "node_modules/@turf/geojson-rbush": {
      "version": "7.3.5",
      "resolved": "https://registry.npmjs.org/@turf/geojson-rbush/-/geojson-rbush-7.3.5.tgz",
      "integrity": "sha512-30/hQqc+ErnlcavvDdxGfgm8VtsJDEzSYpf3mPqYxOyI976l49T6+1jCQD5xKswml6o8zZAaTSe6ZcSKF+SCNw==",
      "dev": true,
      "license": "MIT",
      "dependencies": {
        "@turf/bbox": "7.3.5",
        "@turf/helpers": "7.3.5",
        "@turf/meta": "7.3.5",
        "@types/geojson": "^7946.0.10",
        "rbush": "^3.0.1",
        "tslib": "^2.8.1"
      },
      "funding": {
        "url": "https://opencollective.com/turf"
      }
    },
    "node_modules/@turf/helpers": {
      "version": "7.3.5",
      "resolved": "https://registry.npmjs.org/@turf/helpers/-/helpers-7.3.5.tgz",
      "integrity": "sha512-E/NMGV5MwbjjP7AJXBtsanC3yY8N2MQ87IGdIgkB2ji5AtBpwnH4L3gEqpYN4RlCJJWbLbzO91BbKv2waUd0eg==",
      "dev": true,
      "license": "MIT",
      "dependencies": {
        "@types/geojson": "^7946.0.10",
        "tslib": "^2.8.1"
      },
      "funding": {
        "url": "https://opencollective.com/turf"
      }
    },
    "node_modules/@turf/invariant": {
      "version": "7.3.5",
      "resolved": "https://registry.npmjs.org/@turf/invariant/-/invariant-7.3.5.tgz",
      "integrity": "sha512-ZVIvsBvjr8lO7WxC5zYNjRsjSDvyGvWkJMjuWaJjTU8x+1tmfNnw3gDX/TI2Sit83gcRYLYkNo23lB/udqx/Hg==",
      "dev": true,
      "license": "MIT",
      "dependencies": {
        "@turf/helpers": "7.3.5",
        "@types/geojson": "^7946.0.10",
        "tslib": "^2.8.1"
      },
      "funding": {
        "url": "https://opencollective.com/turf"
      }
    },
    "node_modules/@turf/kinks": {
      "version": "7.3.5",
      "resolved": "https://registry.npmjs.org/@turf/kinks/-/kinks-7.3.5.tgz",
      "integrity": "sha512-dPW8d4vs1v8WMobjyq/TVqajjPwkMsl94IF58yp1UYlmJDQrW4iNRUmI9fFzww+fl7epCKNwY+jZhXf1DRi93w==",
      "dev": true,
      "license": "MIT",
      "dependencies": {
        "@turf/helpers": "7.3.5",
        "@types/geojson": "^7946.0.10",
        "tslib": "^2.8.1"
      },
      "funding": {
        "url": "https://opencollective.com/turf"
      }
    },
    "node_modules/@turf/line-intersect": {
      "version": "7.3.5",
      "resolved": "https://registry.npmjs.org/@turf/line-intersect/-/line-intersect-7.3.5.tgz",
      "integrity": "sha512-2Cl4oPsjaDdfIwz/5IRDdG2fNdfp3W6atICm81vnzl/GwURoVP+CLjXJ64QWWzpzIbgX2XprJQTmamByDt5MDw==",
      "dev": true,
      "license": "MIT",
      "dependencies": {
        "@turf/helpers": "7.3.5",
        "@types/geojson": "^7946.0.10",
        "sweepline-intersections": "^1.5.0",
        "tslib": "^2.8.1"
      },
      "funding": {
        "url": "https://opencollective.com/turf"
      }
    },
    "node_modules/@turf/line-segment": {
      "version": "7.3.5",
      "resolved": "https://registry.npmjs.org/@turf/line-segment/-/line-segment-7.3.5.tgz",
      "integrity": "sha512-TM1aCu7utM6fllAEHO8PNqBJZ/uoFJVNp2A0YI7FyWN928hPbacsvNtLeVz/Kq1ZbeqQ1ZIKRxo9FdVjaj8hGg==",
      "dev": true,
      "license": "MIT",
      "dependencies": {
        "@turf/helpers": "7.3.5",
        "@turf/invariant": "7.3.5",
        "@turf/meta": "7.3.5",
        "@types/geojson": "^7946.0.10",
        "tslib": "^2.8.1"
      },
      "funding": {
        "url": "https://opencollective.com/turf"
      }
    },
    "node_modules/@turf/line-split": {
      "version": "7.3.5",
      "resolved": "https://registry.npmjs.org/@turf/line-split/-/line-split-7.3.5.tgz",
      "integrity": "sha512-GEuy+LdbbaqtYjHk/i1G8sK51wfCdPqTO8uH0dJZ6WlcIcZQfRcKKI4ksFm7NkVyfmw8gXWbpMJD8lO380GFBQ==",
      "dev": true,
      "license": "MIT",
      "dependencies": {
        "@turf/bbox": "7.3.5",
        "@turf/geojson-rbush": "7.3.5",
        "@turf/helpers": "7.3.5",
        "@turf/invariant": "7.3.5",
        "@turf/line-intersect": "7.3.5",
        "@turf/line-segment": "7.3.5",
        "@turf/meta": "7.3.5",
        "@turf/nearest-point-on-line": "7.3.5",
        "@turf/truncate": "7.3.5",
        "@types/geojson": "^7946.0.10",
        "tslib": "^2.8.1"
      },
      "funding": {
        "url": "https://opencollective.com/turf"
      }
    },
    "node_modules/@turf/meta": {
      "version": "7.3.5",
      "resolved": "https://registry.npmjs.org/@turf/meta/-/meta-7.3.5.tgz",
      "integrity": "sha512-r+ohqxoyqeigFB0oFrQx/YEHIkOKqcKpCjvZkvZs7Tkv+IFco5MezAd2zd4rzK+0DfFgDP3KpJc7HqrYjvEjhg==",
      "dev": true,
      "license": "MIT",
      "dependencies": {
        "@turf/helpers": "7.3.5",
        "@types/geojson": "^7946.0.10",
        "tslib": "^2.8.1"
      },
      "funding": {
        "url": "https://opencollective.com/turf"
      }
    },
    "node_modules/@turf/nearest-point-on-line": {
      "version": "7.3.5",
      "resolved": "https://registry.npmjs.org/@turf/nearest-point-on-line/-/nearest-point-on-line-7.3.5.tgz",
      "integrity": "sha512-MZn6OkEFZpjS6BNUANfqiHMIbQSivu7TNji3a+OAIrnPJ71vp8cbz0N2aVEa5M7I8ipvxoxAPIV3eqg3h280Vg==",
      "dev": true,
      "license": "MIT",
      "dependencies": {
        "@turf/distance": "7.3.5",
        "@turf/helpers": "7.3.5",
        "@turf/invariant": "7.3.5",
        "@turf/meta": "7.3.5",
        "@types/geojson": "^7946.0.10",
        "tslib": "^2.8.1"
      },
      "funding": {
        "url": "https://opencollective.com/turf"
      }
    },
    "node_modules/@turf/truncate": {
      "version": "7.3.5",
      "resolved": "https://registry.npmjs.org/@turf/truncate/-/truncate-7.3.5.tgz",
      "integrity": "sha512-Qx2iv3KIqKuDAUduMfaJ5fFegEWBeRve5zePalRevS16bMUqEX+jnKPK9fWGyUuPqT61qP1Kybz0PTWPbUbljQ==",
      "dev": true,
      "license": "MIT",
      "dependencies": {
        "@turf/helpers": "7.3.5",
        "@turf/meta": "7.3.5",
        "@types/geojson": "^7946.0.10",
        "tslib": "^2.8.1"
      },
      "funding": {
        "url": "https://opencollective.com/turf"
      }
    },
    "node_modules/@types/geojson": {
      "version": "7946.0.16",
      "resolved": "https://registry.npmjs.org/@types/geojson/-/geojson-7946.0.16.tgz",
      "integrity": "sha512-6C8nqWur3j98U6+lXDfTUWIfgvZU+EumvpHKcYjujKH7woYyLj2sUmff0tRhrqM7BohUw7Pz3ZB1jj2gW9Fvmg==",
      "dev": true,
      "license": "MIT"
    },
    "node_modules/bignumber.js": {
      "version": "9.3.1",
      "resolved": "https://registry.npmjs.org/bignumber.js/-/bignumber.js-9.3.1.tgz",
      "integrity": "sha512-Ko0uX15oIUS7wJ3Rb30Fs6SkVbLmPBAKdlm7q9+ak9bbIeFf0MwuBsQV6z7+X768/cHsfg+WlysDWJcmthjsjQ==",
      "dev": true,
      "license": "MIT",
      "engines": {
        "node": "*"
      }
    },
    "node_modules/fsevents": {
      "version": "2.3.2",
      "resolved": "https://registry.npmjs.org/fsevents/-/fsevents-2.3.2.tgz",
      "integrity": "sha512-xiqMQR4xAeHTuB9uWm+fFRcIOgKBMiOBP+eXiyT7jsgVCq1bkVygt00oASowB7EdtpOHaaPgKt812P9ab+DDKA==",
      "dev": true,
      "hasInstallScript": true,
      "license": "MIT",
      "optional": true,
      "os": [
        "darwin"
      ],
      "engines": {
        "node": "^8.16.0 || ^10.6.0 || >=11.0.0"
      }
    },
    "node_modules/leaflet": {
      "version": "1.9.4",
      "resolved": "https://registry.npmjs.org/leaflet/-/leaflet-1.9.4.tgz",
      "integrity": "sha512-nxS1ynzJOmOlHp+iL3FyWqK89GtNL8U8rvlMOsQdTTssxZwCXh8N2NB3GDQOL+YR3XnWyZAxwQixURb+FA74PA==",
      "dev": true,
      "license": "BSD-2-Clause"
    },
    "node_modules/lodash": {
      "version": "4.18.1",
      "resolved": "https://registry.npmjs.org/lodash/-/lodash-4.18.1.tgz",
      "integrity": "sha512-dMInicTPVE8d1e5otfwmmjlxkZoUpiVLwyeTdUsi/Caj/gfzzblBcCE5sRHV/AsjuCmxWrte2TNGSYuCeCq+0Q==",
      "dev": true,
      "license": "MIT"
    },
    "node_modules/playwright": {
      "version": "1.58.2",
      "resolved": "https://registry.npmjs.org/playwright/-/playwright-1.58.2.tgz",
      "integrity": "sha512-vA30H8Nvkq/cPBnNw4Q8TWz1EJyqgpuinBcHET0YVJVFldr8JDNiU9LaWAE1KqSkRYazuaBhTpB5ZzShOezQ6A==",
      "dev": true,
      "license": "Apache-2.0",
      "dependencies": {
        "playwright-core": "1.58.2"
      },
      "bin": {
        "playwright": "cli.js"
      },
      "engines": {
        "node": ">=18"
      },
      "optionalDependencies": {
        "fsevents": "2.3.2"
      }
    },
    "node_modules/playwright-core": {
      "version": "1.58.2",
      "resolved": "https://registry.npmjs.org/playwright-core/-/playwright-core-1.58.2.tgz",
      "integrity": "sha512-yZkEtftgwS8CsfYo7nm0KE8jsvm6i/PTgVtB8DL726wNf6H2IMsDuxCpJj59KDaxCtSnrWan2AeDqM7JBaultg==",
      "dev": true,
      "license": "Apache-2.0",
      "bin": {
        "playwright-core": "cli.js"
      },
      "engines": {
        "node": ">=18"
      }
    },
    "node_modules/point-in-polygon-hao": {
      "version": "1.2.4",
      "resolved": "https://registry.npmjs.org/point-in-polygon-hao/-/point-in-polygon-hao-1.2.4.tgz",
      "integrity": "sha512-x2pcvXeqhRHlNRdhLs/tgFapAbSSe86wa/eqmj1G6pWftbEs5aVRJhRGM6FYSUERKu0PjekJzMq0gsI2XyiclQ==",
      "dev": true,
      "license": "MIT",
      "dependencies": {
        "robust-predicates": "^3.0.2"
      }
    },
    "node_modules/polyclip-ts": {
      "version": "0.16.8",
      "resolved": "https://registry.npmjs.org/polyclip-ts/-/polyclip-ts-0.16.8.tgz",
      "integrity": "sha512-JPtKbDRuPEuAjuTdhR62Gph7Is2BS1Szx69CFOO3g71lpJDFo78k4tFyi+qFOMVPePEzdSKkpGU3NBXPHHjvKQ==",
      "dev": true,
      "license": "MIT",
      "dependencies": {
        "bignumber.js": "^9.1.0",
        "splaytree-ts": "^1.0.2"
      }
    },
    "node_modules/quickselect": {
      "version": "2.0.0",
      "resolved": "https://registry.npmjs.org/quickselect/-/quickselect-2.0.0.tgz",
      "integrity": "sha512-RKJ22hX8mHe3Y6wH/N3wCM6BWtjaxIyyUIkpHOvfFnxdI4yD4tBXEBKSbriGujF6jnSVkJrffuo6vxACiSSxIw==",
      "dev": true,
      "license": "ISC"
    },
    "node_modules/rbush": {
      "version": "3.0.1",
      "resolved": "https://registry.npmjs.org/rbush/-/rbush-3.0.1.tgz",
      "integrity": "sha512-XRaVO0YecOpEuIvbhbpTrZgoiI6xBlz6hnlr6EHhd+0x9ase6EmeN+hdwwUaJvLcsFFQ8iWVF1GAK1yB0BWi0w==",
      "dev": true,
      "license": "MIT",
      "dependencies": {
        "quickselect": "^2.0.0"
      }
    },
    "node_modules/robust-predicates": {
      "version": "3.0.3",
      "resolved": "https://registry.npmjs.org/robust-predicates/-/robust-predicates-3.0.3.tgz",
      "integrity": "sha512-NS3levdsRIUOmiJ8FZWCP7LG3QpJyrs/TE0Zpf1yvZu8cAJJ6QMW92H1c7kWpdIHo8RvmLxN/o2JXTKHp74lUA==",
      "dev": true,
      "license": "Unlicense"
    },
    "node_modules/splaytree-ts": {
      "version": "1.0.2",
      "resolved": "https://registry.npmjs.org/splaytree-ts/-/splaytree-ts-1.0.2.tgz",
      "integrity": "sha512-0kGecIZNIReCSiznK3uheYB8sbstLjCZLiwcQwbmLhgHJj2gz6OnSPkVzJQCMnmEz1BQ4gPK59ylhBoEWOhGNA==",
      "dev": true,
      "license": "BDS-3-Clause"
    },
    "node_modules/sweepline-intersections": {
      "version": "1.5.0",
      "resolved": "https://registry.npmjs.org/sweepline-intersections/-/sweepline-intersections-1.5.0.tgz",
      "integrity": "sha512-AoVmx72QHpKtItPu72TzFL+kcYjd67BPLDoR0LarIk+xyaRg+pDTMFXndIEvZf9xEKnJv6JdhgRMnocoG0D3AQ==",
      "dev": true,
      "license": "MIT",
      "dependencies": {
        "tinyqueue": "^2.0.0"
      }
    },
    "node_modules/tinyqueue": {
      "version": "2.0.3",
      "resolved": "https://registry.npmjs.org/tinyqueue/-/tinyqueue-2.0.3.tgz",
      "integrity": "sha512-ppJZNDuKGgxzkHihX8v9v9G5f+18gzaTfrukGrq6ueg0lmH4nqVnA2IPG0AEH3jKEk2GRJCUhDoqpoiw3PHLBA==",
      "dev": true,
      "license": "ISC"
    },
    "node_modules/tslib": {
      "version": "2.8.1",
      "resolved": "https://registry.npmjs.org/tslib/-/tslib-2.8.1.tgz",
      "integrity": "sha512-oJFu94HQb+KVduSUQL7wnpmqnfmLsOA/nAh6b6EH0wCEoK0/mPeXU6c3wKDV83MkOuHPRHtSXKKU99IBazS/2w==",
      "dev": true,
      "license": "0BSD"
    }
  }
}
